PODS:
  - Alamofire (5.6.1)
  - Promises (2.0.4)

DEPENDENCIES:
  - Alamofire
  - Promises

SPEC REPOS:
  trunk:
    - Alamofire
    - Promises

SPEC CHECKSUMS:
  Alamofire: 87bd8c952f9a4454320fce00d9cc3de57bcadaf5
  Promises: fcb83dc6be43294a8d30c343636ed1a45a8d2e0a

PODFILE CHECKSUM: 56cde37b1c3f05a0ef4f3a2c472b5e0e6d23bf96

COCOAPODS: 1.11.3
