// !$*UTF8*$!
{
	archiveVersion = 1;
	classes = {
	};
	objectVersion = 55;
	objects = {

/* Begin PBXBuildFile section */
		231A6C442874F55C00E65541 /* UITableViewExtensions.swift in Sources */ = {isa = PBXBuildFile; fileRef = 231A6C432874F55C00E65541 /* UITableViewExtensions.swift */; };
		231A6C462874F56F00E65541 /* UIViewControllerExtensions.swift in Sources */ = {isa = PBXBuildFile; fileRef = 231A6C452874F56F00E65541 /* UIViewControllerExtensions.swift */; };
		231A6C482874F5BB00E65541 /* UINavigationControllerExtensions.swift in Sources */ = {isa = PBXBuildFile; fileRef = 231A6C472874F5BB00E65541 /* UINavigationControllerExtensions.swift */; };
		231A6C4A2874F5E600E65541 /* UIColorExtensions.swift in Sources */ = {isa = PBXBuildFile; fileRef = 231A6C492874F5E600E65541 /* UIColorExtensions.swift */; };
		231A6C4C2874F5FE00E65541 /* CodableExtensions.swift in Sources */ = {isa = PBXBuildFile; fileRef = 231A6C4B2874F5FE00E65541 /* CodableExtensions.swift */; };
		231A6C4E2874F61A00E65541 /* StringExtensions.swift in Sources */ = {isa = PBXBuildFile; fileRef = 231A6C4D2874F61A00E65541 /* StringExtensions.swift */; };
		231A6C512874F66D00E65541 /* CollectionViewTableViewCell.swift in Sources */ = {isa = PBXBuildFile; fileRef = 231A6C4F2874F66D00E65541 /* CollectionViewTableViewCell.swift */; };
		231A6C522874F66D00E65541 /* CollectionViewTableViewCell.xib in Resources */ = {isa = PBXBuildFile; fileRef = 231A6C502874F66D00E65541 /* CollectionViewTableViewCell.xib */; };
		231A6C542874FB0E00E65541 /* UICollectionExtensions.swift in Sources */ = {isa = PBXBuildFile; fileRef = 231A6C532874FB0E00E65541 /* UICollectionExtensions.swift */; };
		231A6C592875006800E65541 /* SportEventCollectionViewCell.swift in Sources */ = {isa = PBXBuildFile; fileRef = 231A6C572875006800E65541 /* SportEventCollectionViewCell.swift */; };
		231A6C5A2875006800E65541 /* SportEventCollectionViewCell.xib in Resources */ = {isa = PBXBuildFile; fileRef = 231A6C582875006800E65541 /* SportEventCollectionViewCell.xib */; };
		232C0306287738A4003FD7AA /* UIKitExtensionTests.swift in Sources */ = {isa = PBXBuildFile; fileRef = 232C0305287738A4003FD7AA /* UIKitExtensionTests.swift */; };
		232C030828774686003FD7AA /* FoundationExtensionsTests.swift in Sources */ = {isa = PBXBuildFile; fileRef = 232C030728774686003FD7AA /* FoundationExtensionsTests.swift */; };
		232C030B28774EB2003FD7AA /* IndexPathToolsTests.swift in Sources */ = {isa = PBXBuildFile; fileRef = 232C030A28774EB2003FD7AA /* IndexPathToolsTests.swift */; };
		232C030E2877679F003FD7AA /* CoreDataTests.swift in Sources */ = {isa = PBXBuildFile; fileRef = 232C030D2877679F003FD7AA /* CoreDataTests.swift */; };
		2336A5F12874B91700E696DD /* .swiftlint.yml in Resources */ = {isa = PBXBuildFile; fileRef = 2336A5F02874B91700E696DD /* .swiftlint.yml */; };
		2336A5FD2874BFE300E696DD /* HTTPClient.swift in Sources */ = {isa = PBXBuildFile; fileRef = 2336A5FC2874BFE300E696DD /* HTTPClient.swift */; };
		237B948628772E2600555B47 /* MockDecoder.swift in Sources */ = {isa = PBXBuildFile; fileRef = 237B948528772E2600555B47 /* MockDecoder.swift */; };
		237B948928772F4200555B47 /* RouterTestHelper.swift in Sources */ = {isa = PBXBuildFile; fileRef = 237B948828772F4200555B47 /* RouterTestHelper.swift */; };
		237B948B28772F8700555B47 /* HTTPGeneralRouterTests.swift in Sources */ = {isa = PBXBuildFile; fileRef = 237B948A28772F8700555B47 /* HTTPGeneralRouterTests.swift */; };
		237B948D28772FA600555B47 /* APIResponseSportsTests.swift in Sources */ = {isa = PBXBuildFile; fileRef = 237B948C28772FA600555B47 /* APIResponseSportsTests.swift */; };
		237FDB802875AC9400B4E4B1 /* ExpandableTableView.swift in Sources */ = {isa = PBXBuildFile; fileRef = 237FDB7F2875AC9400B4E4B1 /* ExpandableTableView.swift */; };
		237FDB832875DE1C00B4E4B1 /* AppEnums.swift in Sources */ = {isa = PBXBuildFile; fileRef = 237FDB822875DE1C00B4E4B1 /* AppEnums.swift */; };
		237FDB892875F84200B4E4B1 /* KaizenTimer.swift in Sources */ = {isa = PBXBuildFile; fileRef = 237FDB882875F84200B4E4B1 /* KaizenTimer.swift */; };
		237FDB8B2876269900B4E4B1 /* UIBarButtonItemExtensions.swift in Sources */ = {isa = PBXBuildFile; fileRef = 237FDB8A2876269900B4E4B1 /* UIBarButtonItemExtensions.swift */; };
		237FDB8E28762A2400B4E4B1 /* Font.swift in Sources */ = {isa = PBXBuildFile; fileRef = 237FDB8D28762A2400B4E4B1 /* Font.swift */; };
		237FDB9128762A7A00B4E4B1 /* Device.swift in Sources */ = {isa = PBXBuildFile; fileRef = 237FDB9028762A7A00B4E4B1 /* Device.swift */; };
		237FDB9328762CF200B4E4B1 /* UIViewExtensions.swift in Sources */ = {isa = PBXBuildFile; fileRef = 237FDB9228762CF200B4E4B1 /* UIViewExtensions.swift */; };
		237FDB9628763E1F00B4E4B1 /* CoreData.swift in Sources */ = {isa = PBXBuildFile; fileRef = 237FDB9528763E1F00B4E4B1 /* CoreData.swift */; };
		237FDB9928763E6800B4E4B1 /* KaizenCoreData.xcdatamodeld in Sources */ = {isa = PBXBuildFile; fileRef = 237FDB9728763E6800B4E4B1 /* KaizenCoreData.xcdatamodeld */; };
		238F78762874B1A400E2FC1C /* AppDelegate.swift in Sources */ = {isa = PBXBuildFile; fileRef = 238F78752874B1A400E2FC1C /* AppDelegate.swift */; };
		238F787A2874B1A400E2FC1C /* SplashViewController.swift in Sources */ = {isa = PBXBuildFile; fileRef = 238F78792874B1A400E2FC1C /* SplashViewController.swift */; };
		238F787D2874B1A400E2FC1C /* Main.storyboard in Resources */ = {isa = PBXBuildFile; fileRef = 238F787B2874B1A400E2FC1C /* Main.storyboard */; };
		238F787F2874B1A500E2FC1C /* Assets.xcassets in Resources */ = {isa = PBXBuildFile; fileRef = 238F787E2874B1A500E2FC1C /* Assets.xcassets */; };
		238F78822874B1A500E2FC1C /* LaunchScreen.storyboard in Resources */ = {isa = PBXBuildFile; fileRef = 238F78802874B1A500E2FC1C /* LaunchScreen.storyboard */; };
		23CCD9D02874C8DF00301D8D /* APIResponseSports.swift in Sources */ = {isa = PBXBuildFile; fileRef = 23CCD9CF2874C8DF00301D8D /* APIResponseSports.swift */; };
		23CCD9D22874CB9500301D8D /* HTTPGeneralRouter.swift in Sources */ = {isa = PBXBuildFile; fileRef = 23CCD9D12874CB9500301D8D /* HTTPGeneralRouter.swift */; };
		23CCD9D42874CBA400301D8D /* HTTPGeneralRouterExtension.swift in Sources */ = {isa = PBXBuildFile; fileRef = 23CCD9D32874CBA400301D8D /* HTTPGeneralRouterExtension.swift */; };
		23CCD9D72874CD9700301D8D /* MVP.swift in Sources */ = {isa = PBXBuildFile; fileRef = 23CCD9D62874CD9700301D8D /* MVP.swift */; };
		23CCD9DE2874D06000301D8D /* DashboardPresenter.swift in Sources */ = {isa = PBXBuildFile; fileRef = 23CCD9DA2874D06000301D8D /* DashboardPresenter.swift */; };
		23CCD9DF2874D06000301D8D /* DashboardViewController.swift in Sources */ = {isa = PBXBuildFile; fileRef = 23CCD9DB2874D06000301D8D /* DashboardViewController.swift */; };
		23CCD9E02874D06000301D8D /* DashboardView.swift in Sources */ = {isa = PBXBuildFile; fileRef = 23CCD9DC2874D06000301D8D /* DashboardView.swift */; };
		23CCD9E12874D06000301D8D /* DashboardService.swift in Sources */ = {isa = PBXBuildFile; fileRef = 23CCD9DD2874D06000301D8D /* DashboardService.swift */; };
		23CCD9E42874D09200301D8D /* IndexPathTools.swift in Sources */ = {isa = PBXBuildFile; fileRef = 23CCD9E32874D09200301D8D /* IndexPathTools.swift */; };
		23CCD9E72874E08500301D8D /* NavigationController.swift in Sources */ = {isa = PBXBuildFile; fileRef = 23CCD9E62874E08500301D8D /* NavigationController.swift */; };
		23CCD9EA2874E11200301D8D /* Colors.xcassets in Resources */ = {isa = PBXBuildFile; fileRef = 23CCD9E92874E11200301D8D /* Colors.xcassets */; };
		23CCD9EF2874F38900301D8D /* EventCategoryHeaderView.swift in Sources */ = {isa = PBXBuildFile; fileRef = 23CCD9EE2874F38900301D8D /* EventCategoryHeaderView.swift */; };
		23CCD9F12874F39800301D8D /* EventCategoryHeaderView.xib in Resources */ = {isa = PBXBuildFile; fileRef = 23CCD9F02874F39800301D8D /* EventCategoryHeaderView.xib */; };
		63451974FDD5BC9E03325D7B /* Pods_KaizenTests.framework in Frameworks */ = {isa = PBXBuildFile; fileRef = D607D4D52D8A1E448D23A2BA /* Pods_KaizenTests.framework */; };
		A058FE2A36EAA9B88DA7C954 /* Pods_Kaizen.framework in Frameworks */ = {isa = PBXBuildFile; fileRef = 8864376477B0508D4E83F706 /* Pods_Kaizen.framework */; };
/* End PBXBuildFile section */

/* Begin PBXContainerItemProxy section */
		238F78892874B1A500E2FC1C /* PBXContainerItemProxy */ = {
			isa = PBXContainerItemProxy;
			containerPortal = 238F786A2874B1A400E2FC1C /* Project object */;
			proxyType = 1;
			remoteGlobalIDString = 238F78712874B1A400E2FC1C;
			remoteInfo = Kaizen;
		};
/* End PBXContainerItemProxy section */

/* Begin PBXFileReference section */
		01E0DB655C1ACA136E846731 /* Pods-Kaizen.debug.xcconfig */ = {isa = PBXFileReference; includeInIndex = 1; lastKnownFileType = text.xcconfig; name = "Pods-Kaizen.debug.xcconfig"; path = "Target Support Files/Pods-Kaizen/Pods-Kaizen.debug.xcconfig"; sourceTree = "<group>"; };
		231A6C432874F55C00E65541 /* UITableViewExtensions.swift */ = {isa = PBXFileReference; lastKnownFileType = sourcecode.swift; path = UITableViewExtensions.swift; sourceTree = "<group>"; };
		231A6C452874F56F00E65541 /* UIViewControllerExtensions.swift */ = {isa = PBXFileReference; lastKnownFileType = sourcecode.swift; path = UIViewControllerExtensions.swift; sourceTree = "<group>"; };
		231A6C472874F5BB00E65541 /* UINavigationControllerExtensions.swift */ = {isa = PBXFileReference; lastKnownFileType = sourcecode.swift; path = UINavigationControllerExtensions.swift; sourceTree = "<group>"; };
		231A6C492874F5E600E65541 /* UIColorExtensions.swift */ = {isa = PBXFileReference; lastKnownFileType = sourcecode.swift; path = UIColorExtensions.swift; sourceTree = "<group>"; };
		231A6C4B2874F5FE00E65541 /* CodableExtensions.swift */ = {isa = PBXFileReference; lastKnownFileType = sourcecode.swift; path = CodableExtensions.swift; sourceTree = "<group>"; };
		231A6C4D2874F61A00E65541 /* StringExtensions.swift */ = {isa = PBXFileReference; lastKnownFileType = sourcecode.swift; path = StringExtensions.swift; sourceTree = "<group>"; };
		231A6C4F2874F66D00E65541 /* CollectionViewTableViewCell.swift */ = {isa = PBXFileReference; lastKnownFileType = sourcecode.swift; path = CollectionViewTableViewCell.swift; sourceTree = "<group>"; };
		231A6C502874F66D00E65541 /* CollectionViewTableViewCell.xib */ = {isa = PBXFileReference; lastKnownFileType = file.xib; path = CollectionViewTableViewCell.xib; sourceTree = "<group>"; };
		231A6C532874FB0E00E65541 /* UICollectionExtensions.swift */ = {isa = PBXFileReference; lastKnownFileType = sourcecode.swift; path = UICollectionExtensions.swift; sourceTree = "<group>"; };
		231A6C572875006800E65541 /* SportEventCollectionViewCell.swift */ = {isa = PBXFileReference; lastKnownFileType = sourcecode.swift; path = SportEventCollectionViewCell.swift; sourceTree = "<group>"; };
		231A6C582875006800E65541 /* SportEventCollectionViewCell.xib */ = {isa = PBXFileReference; lastKnownFileType = file.xib; path = SportEventCollectionViewCell.xib; sourceTree = "<group>"; };
		232C0305287738A4003FD7AA /* UIKitExtensionTests.swift */ = {isa = PBXFileReference; lastKnownFileType = sourcecode.swift; path = UIKitExtensionTests.swift; sourceTree = "<group>"; };
		232C030728774686003FD7AA /* FoundationExtensionsTests.swift */ = {isa = PBXFileReference; lastKnownFileType = sourcecode.swift; path = FoundationExtensionsTests.swift; sourceTree = "<group>"; };
		232C030A28774EB2003FD7AA /* IndexPathToolsTests.swift */ = {isa = PBXFileReference; lastKnownFileType = sourcecode.swift; path = IndexPathToolsTests.swift; sourceTree = "<group>"; };
		232C030D2877679F003FD7AA /* CoreDataTests.swift */ = {isa = PBXFileReference; lastKnownFileType = sourcecode.swift; path = CoreDataTests.swift; sourceTree = "<group>"; };
		2336A5F02874B91700E696DD /* .swiftlint.yml */ = {isa = PBXFileReference; lastKnownFileType = text.yaml; path = .swiftlint.yml; sourceTree = "<group>"; };
		2336A5FC2874BFE300E696DD /* HTTPClient.swift */ = {isa = PBXFileReference; lastKnownFileType = sourcecode.swift; path = HTTPClient.swift; sourceTree = "<group>"; };
		237B948528772E2600555B47 /* MockDecoder.swift */ = {isa = PBXFileReference; lastKnownFileType = sourcecode.swift; path = MockDecoder.swift; sourceTree = "<group>"; };
		237B948828772F4200555B47 /* RouterTestHelper.swift */ = {isa = PBXFileReference; lastKnownFileType = sourcecode.swift; path = RouterTestHelper.swift; sourceTree = "<group>"; };
		237B948A28772F8700555B47 /* HTTPGeneralRouterTests.swift */ = {isa = PBXFileReference; lastKnownFileType = sourcecode.swift; path = HTTPGeneralRouterTests.swift; sourceTree = "<group>"; };
		237B948C28772FA600555B47 /* APIResponseSportsTests.swift */ = {isa = PBXFileReference; lastKnownFileType = sourcecode.swift; path = APIResponseSportsTests.swift; sourceTree = "<group>"; };
		237FDB7F2875AC9400B4E4B1 /* ExpandableTableView.swift */ = {isa = PBXFileReference; lastKnownFileType = sourcecode.swift; path = ExpandableTableView.swift; sourceTree = "<group>"; };
		237FDB822875DE1C00B4E4B1 /* AppEnums.swift */ = {isa = PBXFileReference; lastKnownFileType = sourcecode.swift; path = AppEnums.swift; sourceTree = "<group>"; };
		237FDB882875F84200B4E4B1 /* KaizenTimer.swift */ = {isa = PBXFileReference; lastKnownFileType = sourcecode.swift; path = KaizenTimer.swift; sourceTree = "<group>"; };
		237FDB8A2876269900B4E4B1 /* UIBarButtonItemExtensions.swift */ = {isa = PBXFileReference; lastKnownFileType = sourcecode.swift; path = UIBarButtonItemExtensions.swift; sourceTree = "<group>"; };
		237FDB8D28762A2400B4E4B1 /* Font.swift */ = {isa = PBXFileReference; lastKnownFileType = sourcecode.swift; path = Font.swift; sourceTree = "<group>"; };
		237FDB9028762A7A00B4E4B1 /* Device.swift */ = {isa = PBXFileReference; lastKnownFileType = sourcecode.swift; path = Device.swift; sourceTree = "<group>"; };
		237FDB9228762CF200B4E4B1 /* UIViewExtensions.swift */ = {isa = PBXFileReference; lastKnownFileType = sourcecode.swift; path = UIViewExtensions.swift; sourceTree = "<group>"; };
		237FDB9528763E1F00B4E4B1 /* CoreData.swift */ = {isa = PBXFileReference; lastKnownFileType = sourcecode.swift; path = CoreData.swift; sourceTree = "<group>"; };
		237FDB9828763E6800B4E4B1 /* KaizenCoreData.xcdatamodel */ = {isa = PBXFileReference; lastKnownFileType = wrapper.xcdatamodel; path = KaizenCoreData.xcdatamodel; sourceTree = "<group>"; };
		238F78722874B1A400E2FC1C /* Kaizen.app */ = {isa = PBXFileReference; explicitFileType = wrapper.application; includeInIndex = 0; path = Kaizen.app; sourceTree = BUILT_PRODUCTS_DIR; };
		238F78752874B1A400E2FC1C /* AppDelegate.swift */ = {isa = PBXFileReference; lastKnownFileType = sourcecode.swift; path = AppDelegate.swift; sourceTree = "<group>"; };
		238F78792874B1A400E2FC1C /* SplashViewController.swift */ = {isa = PBXFileReference; lastKnownFileType = sourcecode.swift; path = SplashViewController.swift; sourceTree = "<group>"; };
		238F787C2874B1A400E2FC1C /* Base */ = {isa = PBXFileReference; lastKnownFileType = file.storyboard; name = Base; path = Base.lproj/Main.storyboard; sourceTree = "<group>"; };
		238F787E2874B1A500E2FC1C /* Assets.xcassets */ = {isa = PBXFileReference; lastKnownFileType = folder.assetcatalog; path = Assets.xcassets; sourceTree = "<group>"; };
		238F78812874B1A500E2FC1C /* Base */ = {isa = PBXFileReference; lastKnownFileType = file.storyboard; name = Base; path = Base.lproj/LaunchScreen.storyboard; sourceTree = "<group>"; };
		238F78832874B1A500E2FC1C /* Info.plist */ = {isa = PBXFileReference; lastKnownFileType = text.plist.xml; path = Info.plist; sourceTree = "<group>"; };
		238F78882874B1A500E2FC1C /* KaizenTests.xctest */ = {isa = PBXFileReference; explicitFileType = wrapper.cfbundle; includeInIndex = 0; path = KaizenTests.xctest; sourceTree = BUILT_PRODUCTS_DIR; };
		23CCD9CF2874C8DF00301D8D /* APIResponseSports.swift */ = {isa = PBXFileReference; lastKnownFileType = sourcecode.swift; path = APIResponseSports.swift; sourceTree = "<group>"; };
		23CCD9D12874CB9500301D8D /* HTTPGeneralRouter.swift */ = {isa = PBXFileReference; lastKnownFileType = sourcecode.swift; path = HTTPGeneralRouter.swift; sourceTree = "<group>"; };
		23CCD9D32874CBA400301D8D /* HTTPGeneralRouterExtension.swift */ = {isa = PBXFileReference; lastKnownFileType = sourcecode.swift; path = HTTPGeneralRouterExtension.swift; sourceTree = "<group>"; };
		23CCD9D62874CD9700301D8D /* MVP.swift */ = {isa = PBXFileReference; lastKnownFileType = sourcecode.swift; path = MVP.swift; sourceTree = "<group>"; };
		23CCD9DA2874D06000301D8D /* DashboardPresenter.swift */ = {isa = PBXFileReference; lastKnownFileType = sourcecode.swift; path = DashboardPresenter.swift; sourceTree = "<group>"; };
		23CCD9DB2874D06000301D8D /* DashboardViewController.swift */ = {isa = PBXFileReference; lastKnownFileType = sourcecode.swift; path = DashboardViewController.swift; sourceTree = "<group>"; };
		23CCD9DC2874D06000301D8D /* DashboardView.swift */ = {isa = PBXFileReference; lastKnownFileType = sourcecode.swift; path = DashboardView.swift; sourceTree = "<group>"; };
		23CCD9DD2874D06000301D8D /* DashboardService.swift */ = {isa = PBXFileReference; lastKnownFileType = sourcecode.swift; path = DashboardService.swift; sourceTree = "<group>"; };
		23CCD9E32874D09200301D8D /* IndexPathTools.swift */ = {isa = PBXFileReference; lastKnownFileType = sourcecode.swift; path = IndexPathTools.swift; sourceTree = "<group>"; };
		23CCD9E62874E08500301D8D /* NavigationController.swift */ = {isa = PBXFileReference; lastKnownFileType = sourcecode.swift; path = NavigationController.swift; sourceTree = "<group>"; };
		23CCD9E92874E11200301D8D /* Colors.xcassets */ = {isa = PBXFileReference; lastKnownFileType = folder.assetcatalog; path = Colors.xcassets; sourceTree = "<group>"; };
		23CCD9EE2874F38900301D8D /* EventCategoryHeaderView.swift */ = {isa = PBXFileReference; lastKnownFileType = sourcecode.swift; path = EventCategoryHeaderView.swift; sourceTree = "<group>"; };
		23CCD9F02874F39800301D8D /* EventCategoryHeaderView.xib */ = {isa = PBXFileReference; lastKnownFileType = file.xib; path = EventCategoryHeaderView.xib; sourceTree = "<group>"; };
		880B5B82CD1C2A7B1BCA05FE /* Pods-Kaizen-KaizenTests.release.xcconfig */ = {isa = PBXFileReference; includeInIndex = 1; lastKnownFileType = text.xcconfig; name = "Pods-Kaizen-KaizenTests.release.xcconfig"; path = "Target Support Files/Pods-Kaizen-KaizenTests/Pods-Kaizen-KaizenTests.release.xcconfig"; sourceTree = "<group>"; };
		8864376477B0508D4E83F706 /* Pods_Kaizen.framework */ = {isa = PBXFileReference; explicitFileType = wrapper.framework; includeInIndex = 0; path = Pods_Kaizen.framework; sourceTree = BUILT_PRODUCTS_DIR; };
		9734374CCDFAE74A03750FAA /* Pods-KaizenTests.release.xcconfig */ = {isa = PBXFileReference; includeInIndex = 1; lastKnownFileType = text.xcconfig; name = "Pods-KaizenTests.release.xcconfig"; path = "Target Support Files/Pods-KaizenTests/Pods-KaizenTests.release.xcconfig"; sourceTree = "<group>"; };
		9F035A943D90C5683BB3DC78 /* Pods-Kaizen.release.xcconfig */ = {isa = PBXFileReference; includeInIndex = 1; lastKnownFileType = text.xcconfig; name = "Pods-Kaizen.release.xcconfig"; path = "Target Support Files/Pods-Kaizen/Pods-Kaizen.release.xcconfig"; sourceTree = "<group>"; };
		AE407C35688D29204814570C /* Pods-KaizenTests.debug.xcconfig */ = {isa = PBXFileReference; includeInIndex = 1; lastKnownFileType = text.xcconfig; name = "Pods-KaizenTests.debug.xcconfig"; path = "Target Support Files/Pods-KaizenTests/Pods-KaizenTests.debug.xcconfig"; sourceTree = "<group>"; };
		D607D4D52D8A1E448D23A2BA /* Pods_KaizenTests.framework */ = {isa = PBXFileReference; explicitFileType = wrapper.framework; includeInIndex = 0; path = Pods_KaizenTests.framework; sourceTree = BUILT_PRODUCTS_DIR; };
		F9F183AB93A10E82CA3C5829 /* Pods-Kaizen-KaizenTests.debug.xcconfig */ = {isa = PBXFileReference; includeInIndex = 1; lastKnownFileType = text.xcconfig; name = "Pods-Kaizen-KaizenTests.debug.xcconfig"; path = "Target Support Files/Pods-Kaizen-KaizenTests/Pods-Kaizen-KaizenTests.debug.xcconfig"; sourceTree = "<group>"; };
/* End PBXFileReference section */

/* Begin PBXFrameworksBuildPhase section */
		238F786F2874B1A400E2FC1C /* Frameworks */ = {
			isa = PBXFrameworksBuildPhase;
			buildActionMask = 2147483647;
			files = (
				A058FE2A36EAA9B88DA7C954 /* Pods_Kaizen.framework in Frameworks */,
			);
			runOnlyForDeploymentPostprocessing = 0;
		};
		238F78852874B1A500E2FC1C /* Frameworks */ = {
			isa = PBXFrameworksBuildPhase;
			buildActionMask = 2147483647;
			files = (
				63451974FDD5BC9E03325D7B /* Pods_KaizenTests.framework in Frameworks */,
			);
			runOnlyForDeploymentPostprocessing = 0;
		};
/* End PBXFrameworksBuildPhase section */

/* Begin PBXGroup section */
		231A6C412874F54200E65541 /* Foundation */ = {
			isa = PBXGroup;
			children = (
				231A6C4D2874F61A00E65541 /* StringExtensions.swift */,
				231A6C4B2874F5FE00E65541 /* CodableExtensions.swift */,
			);
			path = Foundation;
			sourceTree = "<group>";
		};
		231A6C422874F54A00E65541 /* UIKit */ = {
			isa = PBXGroup;
			children = (
				231A6C452874F56F00E65541 /* UIViewControllerExtensions.swift */,
				231A6C472874F5BB00E65541 /* UINavigationControllerExtensions.swift */,
				231A6C432874F55C00E65541 /* UITableViewExtensions.swift */,
				231A6C532874FB0E00E65541 /* UICollectionExtensions.swift */,
				231A6C492874F5E600E65541 /* UIColorExtensions.swift */,
				237FDB8A2876269900B4E4B1 /* UIBarButtonItemExtensions.swift */,
				237FDB9228762CF200B4E4B1 /* UIViewExtensions.swift */,
			);
			path = UIKit;
			sourceTree = "<group>";
		};
		231A6C552875001D00E65541 /* Collection */ = {
			isa = PBXGroup;
			children = (
				231A6C4F2874F66D00E65541 /* CollectionViewTableViewCell.swift */,
				231A6C502874F66D00E65541 /* CollectionViewTableViewCell.xib */,
			);
			path = Collection;
			sourceTree = "<group>";
		};
		231A6C562875002800E65541 /* Sport Event */ = {
			isa = PBXGroup;
			children = (
				231A6C572875006800E65541 /* SportEventCollectionViewCell.swift */,
				231A6C582875006800E65541 /* SportEventCollectionViewCell.xib */,
			);
			path = "Sport Event";
			sourceTree = "<group>";
		};
		232C030428773893003FD7AA /* Extensions */ = {
			isa = PBXGroup;
			children = (
				232C0305287738A4003FD7AA /* UIKitExtensionTests.swift */,
				232C030728774686003FD7AA /* FoundationExtensionsTests.swift */,
			);
			path = Extensions;
			sourceTree = "<group>";
		};
		232C030928774E97003FD7AA /* IndexPathTools */ = {
			isa = PBXGroup;
			children = (
				232C030A28774EB2003FD7AA /* IndexPathToolsTests.swift */,
			);
			path = IndexPathTools;
			sourceTree = "<group>";
		};
		232C030C28776765003FD7AA /* Core Data */ = {
			isa = PBXGroup;
			children = (
				232C030D2877679F003FD7AA /* CoreDataTests.swift */,
			);
			path = "Core Data";
			sourceTree = "<group>";
		};
		2336A5F32874BB9800E696DD /* Core */ = {
			isa = PBXGroup;
			children = (
				237FDB9428763E1300B4E4B1 /* Core Data */,
				237FDB872875F82B00B4E4B1 /* Timer */,
				237FDB8F28762A6C00B4E4B1 /* Device */,
				237FDB812875DE1100B4E4B1 /* App Enums */,
				23CCD9D52874CCE100301D8D /* MVP */,
				23CCD9E22874D08900301D8D /* IndexPathTools */,
				23CCD9CA2874C1FC00301D8D /* Extensions */,
				23CCD9E52874E05400301D8D /* ReUsable UI */,
			);
			path = Core;
			sourceTree = "<group>";
		};
		2336A5F42874BB9F00E696DD /* Networking */ = {
			isa = PBXGroup;
			children = (
				2336A5F92874BEE400E696DD /* HTTP Layer */,
				2336A5F82874BE9700E696DD /* Codable */,
			);
			path = Networking;
			sourceTree = "<group>";
		};
		2336A5F52874BBAC00E696DD /* UI */ = {
			isa = PBXGroup;
			children = (
				2336A5F62874BBC000E696DD /* Storyboard */,
				23CCD9CD2874C34200301D8D /* Splash */,
				23CCD9CE2874C6CB00301D8D /* Dashboard */,
			);
			path = UI;
			sourceTree = "<group>";
		};
		2336A5F62874BBC000E696DD /* Storyboard */ = {
			isa = PBXGroup;
			children = (
				238F787B2874B1A400E2FC1C /* Main.storyboard */,
			);
			path = Storyboard;
			sourceTree = "<group>";
		};
		2336A5F72874BBCB00E696DD /* Supporting Files */ = {
			isa = PBXGroup;
			children = (
				237FDB8C28762A1000B4E4B1 /* Font */,
				238F787E2874B1A500E2FC1C /* Assets.xcassets */,
				23CCD9E92874E11200301D8D /* Colors.xcassets */,
				238F78802874B1A500E2FC1C /* LaunchScreen.storyboard */,
				238F78832874B1A500E2FC1C /* Info.plist */,
			);
			path = "Supporting Files";
			sourceTree = "<group>";
		};
		2336A5F82874BE9700E696DD /* Codable */ = {
			isa = PBXGroup;
			children = (
				23CCD9CF2874C8DF00301D8D /* APIResponseSports.swift */,
			);
			path = Codable;
			sourceTree = "<group>";
		};
		2336A5F92874BEE400E696DD /* HTTP Layer */ = {
			isa = PBXGroup;
			children = (
				2336A5FA2874BF1C00E696DD /* HTTP Client */,
				2336A5FB2874BF2C00E696DD /* Routers */,
			);
			path = "HTTP Layer";
			sourceTree = "<group>";
		};
		2336A5FA2874BF1C00E696DD /* HTTP Client */ = {
			isa = PBXGroup;
			children = (
				2336A5FC2874BFE300E696DD /* HTTPClient.swift */,
			);
			path = "HTTP Client";
			sourceTree = "<group>";
		};
		2336A5FB2874BF2C00E696DD /* Routers */ = {
			isa = PBXGroup;
			children = (
				23CCD9D12874CB9500301D8D /* HTTPGeneralRouter.swift */,
				23CCD9D32874CBA400301D8D /* HTTPGeneralRouterExtension.swift */,
			);
			path = Routers;
			sourceTree = "<group>";
		};
		237B947E28772DB400555B47 /* Core */ = {
			isa = PBXGroup;
			children = (
				232C030C28776765003FD7AA /* Core Data */,
				232C030928774E97003FD7AA /* IndexPathTools */,
				232C030428773893003FD7AA /* Extensions */,
			);
			path = Core;
			sourceTree = "<group>";
		};
		237B947F28772DBA00555B47 /* Networking */ = {
			isa = PBXGroup;
			children = (
				237B948128772DD000555B47 /* HTTP Layer */,
				237B948228772DD900555B47 /* Codable */,
			);
			path = Networking;
			sourceTree = "<group>";
		};
		237B948028772DC400555B47 /* UI */ = {
			isa = PBXGroup;
			children = (
			);
			path = UI;
			sourceTree = "<group>";
		};
		237B948128772DD000555B47 /* HTTP Layer */ = {
			isa = PBXGroup;
			children = (
				237B948328772DF900555B47 /* HTTPClient */,
				237B948428772E0200555B47 /* Routers */,
			);
			path = "HTTP Layer";
			sourceTree = "<group>";
		};
		237B948228772DD900555B47 /* Codable */ = {
			isa = PBXGroup;
			children = (
				237B948C28772FA600555B47 /* APIResponseSportsTests.swift */,
			);
			path = Codable;
			sourceTree = "<group>";
		};
		237B948328772DF900555B47 /* HTTPClient */ = {
			isa = PBXGroup;
			children = (
			);
			path = HTTPClient;
			sourceTree = "<group>";
		};
		237B948428772E0200555B47 /* Routers */ = {
			isa = PBXGroup;
			children = (
				237B948A28772F8700555B47 /* HTTPGeneralRouterTests.swift */,
			);
			path = Routers;
			sourceTree = "<group>";
		};
		237B948728772E2B00555B47 /* Helper */ = {
			isa = PBXGroup;
			children = (
				237B948528772E2600555B47 /* MockDecoder.swift */,
				237B948828772F4200555B47 /* RouterTestHelper.swift */,
			);
			path = Helper;
			sourceTree = "<group>";
		};
		237FDB7E2875AC6400B4E4B1 /* Expandable Controller */ = {
			isa = PBXGroup;
			children = (
				237FDB7F2875AC9400B4E4B1 /* ExpandableTableView.swift */,
			);
			path = "Expandable Controller";
			sourceTree = "<group>";
		};
		237FDB812875DE1100B4E4B1 /* App Enums */ = {
			isa = PBXGroup;
			children = (
				237FDB822875DE1C00B4E4B1 /* AppEnums.swift */,
			);
			path = "App Enums";
			sourceTree = "<group>";
		};
		237FDB872875F82B00B4E4B1 /* Timer */ = {
			isa = PBXGroup;
			children = (
				237FDB882875F84200B4E4B1 /* KaizenTimer.swift */,
			);
			path = Timer;
			sourceTree = "<group>";
		};
		237FDB8C28762A1000B4E4B1 /* Font */ = {
			isa = PBXGroup;
			children = (
				237FDB8D28762A2400B4E4B1 /* Font.swift */,
			);
			path = Font;
			sourceTree = "<group>";
		};
		237FDB8F28762A6C00B4E4B1 /* Device */ = {
			isa = PBXGroup;
			children = (
				237FDB9028762A7A00B4E4B1 /* Device.swift */,
			);
			path = Device;
			sourceTree = "<group>";
		};
		237FDB9428763E1300B4E4B1 /* Core Data */ = {
			isa = PBXGroup;
			children = (
				237FDB9528763E1F00B4E4B1 /* CoreData.swift */,
				237FDB9728763E6800B4E4B1 /* KaizenCoreData.xcdatamodeld */,
			);
			path = "Core Data";
			sourceTree = "<group>";
		};
		238F78692874B1A400E2FC1C = {
			isa = PBXGroup;
			children = (
				2336A5F02874B91700E696DD /* .swiftlint.yml */,
				238F78742874B1A400E2FC1C /* Kaizen */,
				238F788B2874B1A500E2FC1C /* KaizenTests */,
				238F78732874B1A400E2FC1C /* Products */,
				DC259D84B934D6A574EE2FE0 /* Pods */,
				41402638F243FEF03FCD3371 /* Frameworks */,
			);
			sourceTree = "<group>";
		};
		238F78732874B1A400E2FC1C /* Products */ = {
			isa = PBXGroup;
			children = (
				238F78722874B1A400E2FC1C /* Kaizen.app */,
				238F78882874B1A500E2FC1C /* KaizenTests.xctest */,
			);
			name = Products;
			sourceTree = "<group>";
		};
		238F78742874B1A400E2FC1C /* Kaizen */ = {
			isa = PBXGroup;
			children = (
				238F78752874B1A400E2FC1C /* AppDelegate.swift */,
				2336A5F32874BB9800E696DD /* Core */,
				2336A5F42874BB9F00E696DD /* Networking */,
				2336A5F52874BBAC00E696DD /* UI */,
				2336A5F72874BBCB00E696DD /* Supporting Files */,
			);
			path = Kaizen;
			sourceTree = "<group>";
		};
		238F788B2874B1A500E2FC1C /* KaizenTests */ = {
			isa = PBXGroup;
			children = (
				237B948728772E2B00555B47 /* Helper */,
				237B947E28772DB400555B47 /* Core */,
				237B947F28772DBA00555B47 /* Networking */,
				237B948028772DC400555B47 /* UI */,
			);
			path = KaizenTests;
			sourceTree = "<group>";
		};
		23CCD9CA2874C1FC00301D8D /* Extensions */ = {
			isa = PBXGroup;
			children = (
				231A6C422874F54A00E65541 /* UIKit */,
				231A6C412874F54200E65541 /* Foundation */,
			);
			path = Extensions;
			sourceTree = "<group>";
		};
		23CCD9CD2874C34200301D8D /* Splash */ = {
			isa = PBXGroup;
			children = (
				238F78792874B1A400E2FC1C /* SplashViewController.swift */,
			);
			path = Splash;
			sourceTree = "<group>";
		};
		23CCD9CE2874C6CB00301D8D /* Dashboard */ = {
			isa = PBXGroup;
			children = (
				23CCD9EB2874F35400301D8D /* Helper */,
				23CCD9DB2874D06000301D8D /* DashboardViewController.swift */,
				23CCD9DC2874D06000301D8D /* DashboardView.swift */,
				23CCD9DD2874D06000301D8D /* DashboardService.swift */,
				23CCD9DA2874D06000301D8D /* DashboardPresenter.swift */,
			);
			path = Dashboard;
			sourceTree = "<group>";
		};
		23CCD9D52874CCE100301D8D /* MVP */ = {
			isa = PBXGroup;
			children = (
				23CCD9D62874CD9700301D8D /* MVP.swift */,
			);
			path = MVP;
			sourceTree = "<group>";
		};
		23CCD9E22874D08900301D8D /* IndexPathTools */ = {
			isa = PBXGroup;
			children = (
				237FDB7E2875AC6400B4E4B1 /* Expandable Controller */,
				23CCD9E32874D09200301D8D /* IndexPathTools.swift */,
			);
			path = IndexPathTools;
			sourceTree = "<group>";
		};
		23CCD9E52874E05400301D8D /* ReUsable UI */ = {
			isa = PBXGroup;
			children = (
				23CCD9E62874E08500301D8D /* NavigationController.swift */,
			);
			path = "ReUsable UI";
			sourceTree = "<group>";
		};
		23CCD9EB2874F35400301D8D /* Helper */ = {
			isa = PBXGroup;
			children = (
				23CCD9ED2874F35C00301D8D /* Header */,
				23CCD9EC2874F35800301D8D /* Cell */,
			);
			path = Helper;
			sourceTree = "<group>";
		};
		23CCD9EC2874F35800301D8D /* Cell */ = {
			isa = PBXGroup;
			children = (
				231A6C552875001D00E65541 /* Collection */,
				231A6C562875002800E65541 /* Sport Event */,
			);
			path = Cell;
			sourceTree = "<group>";
		};
		23CCD9ED2874F35C00301D8D /* Header */ = {
			isa = PBXGroup;
			children = (
				23CCD9EE2874F38900301D8D /* EventCategoryHeaderView.swift */,
				23CCD9F02874F39800301D8D /* EventCategoryHeaderView.xib */,
			);
			path = Header;
			sourceTree = "<group>";
		};
		41402638F243FEF03FCD3371 /* Frameworks */ = {
			isa = PBXGroup;
			children = (
				8864376477B0508D4E83F706 /* Pods_Kaizen.framework */,
				D607D4D52D8A1E448D23A2BA /* Pods_KaizenTests.framework */,
			);
			name = Frameworks;
			sourceTree = "<group>";
		};
		DC259D84B934D6A574EE2FE0 /* Pods */ = {
			isa = PBXGroup;
			children = (
				01E0DB655C1ACA136E846731 /* Pods-Kaizen.debug.xcconfig */,
				9F035A943D90C5683BB3DC78 /* Pods-Kaizen.release.xcconfig */,
				F9F183AB93A10E82CA3C5829 /* Pods-Kaizen-KaizenTests.debug.xcconfig */,
				880B5B82CD1C2A7B1BCA05FE /* Pods-Kaizen-KaizenTests.release.xcconfig */,
				AE407C35688D29204814570C /* Pods-KaizenTests.debug.xcconfig */,
				9734374CCDFAE74A03750FAA /* Pods-KaizenTests.release.xcconfig */,
			);
			path = Pods;
			sourceTree = "<group>";
		};
/* End PBXGroup section */

/* Begin PBXNativeTarget section */
		238F78712874B1A400E2FC1C /* Kaizen */ = {
			isa = PBXNativeTarget;
			buildConfigurationList = 238F789C2874B1A500E2FC1C /* Build configuration list for PBXNativeTarget "Kaizen" */;
			buildPhases = (
				A4F189E0500F126CB064C864 /* [CP] Check Pods Manifest.lock */,
				238F786E2874B1A400E2FC1C /* Sources */,
				238F786F2874B1A400E2FC1C /* Frameworks */,
				238F78702874B1A400E2FC1C /* Resources */,
				2336A5F22874B9A700E696DD /* SwiftLint */,
				FBD912E431D1E2ABB31D8F10 /* [CP] Embed Pods Frameworks */,
			);
			buildRules = (
			);
			dependencies = (
			);
			name = Kaizen;
			productName = Kaizen;
			productReference = 238F78722874B1A400E2FC1C /* Kaizen.app */;
			productType = "com.apple.product-type.application";
		};
		238F78872874B1A500E2FC1C /* KaizenTests */ = {
			isa = PBXNativeTarget;
			buildConfigurationList = 238F789F2874B1A500E2FC1C /* Build configuration list for PBXNativeTarget "KaizenTests" */;
			buildPhases = (
				AC007927516477C3D3DE9B83 /* [CP] Check Pods Manifest.lock */,
				238F78842874B1A500E2FC1C /* Sources */,
				238F78852874B1A500E2FC1C /* Frameworks */,
				238F78862874B1A500E2FC1C /* Resources */,
				D9C3503B6AC5CC09BF8DD8DD /* [CP] Embed Pods Frameworks */,
			);
			buildRules = (
			);
			dependencies = (
				238F788A2874B1A500E2FC1C /* PBXTargetDependency */,
			);
			name = KaizenTests;
			productName = KaizenTests;
			productReference = 238F78882874B1A500E2FC1C /* KaizenTests.xctest */;
			productType = "com.apple.product-type.bundle.unit-test";
		};
/* End PBXNativeTarget section */

/* Begin PBXProject section */
		238F786A2874B1A400E2FC1C /* Project object */ = {
			isa = PBXProject;
			attributes = {
				BuildIndependentTargetsInParallel = 1;
				LastSwiftUpdateCheck = 1340;
				LastUpgradeCheck = 1340;
				ORGANIZATIONNAME = vorisis;
				TargetAttributes = {
					238F78712874B1A400E2FC1C = {
						CreatedOnToolsVersion = 13.4.1;
					};
					238F78872874B1A500E2FC1C = {
						CreatedOnToolsVersion = 13.4.1;
						LastSwiftMigration = 1340;
						TestTargetID = 238F78712874B1A400E2FC1C;
					};
				};
			};
			buildConfigurationList = 238F786D2874B1A400E2FC1C /* Build configuration list for PBXProject "Kaizen" */;
			compatibilityVersion = "Xcode 13.0";
			developmentRegion = en;
			hasScannedForEncodings = 0;
			knownRegions = (
				en,
				Base,
			);
			mainGroup = 238F78692874B1A400E2FC1C;
			productRefGroup = 238F78732874B1A400E2FC1C /* Products */;
			projectDirPath = "";
			projectRoot = "";
			targets = (
				238F78712874B1A400E2FC1C /* Kaizen */,
				238F78872874B1A500E2FC1C /* KaizenTests */,
			);
		};
/* End PBXProject section */

/* Begin PBXResourcesBuildPhase section */
		238F78702874B1A400E2FC1C /* Resources */ = {
			isa = PBXResourcesBuildPhase;
			buildActionMask = 2147483647;
			files = (
				23CCD9F12874F39800301D8D /* EventCategoryHeaderView.xib in Resources */,
				23CCD9EA2874E11200301D8D /* Colors.xcassets in Resources */,
				231A6C522874F66D00E65541 /* CollectionViewTableViewCell.xib in Resources */,
				2336A5F12874B91700E696DD /* .swiftlint.yml in Resources */,
				231A6C5A2875006800E65541 /* SportEventCollectionViewCell.xib in Resources */,
				238F78822874B1A500E2FC1C /* LaunchScreen.storyboard in Resources */,
				238F787F2874B1A500E2FC1C /* Assets.xcassets in Resources */,
				238F787D2874B1A400E2FC1C /* Main.storyboard in Resources */,
			);
			runOnlyForDeploymentPostprocessing = 0;
		};
		238F78862874B1A500E2FC1C /* Resources */ = {
			isa = PBXResourcesBuildPhase;
			buildActionMask = 2147483647;
			files = (
			);
			runOnlyForDeploymentPostprocessing = 0;
		};
/* End PBXResourcesBuildPhase section */

/* Begin PBXShellScriptBuildPhase section */
		2336A5F22874B9A700E696DD /* SwiftLint */ = {
			isa = PBXShellScriptBuildPhase;
			buildActionMask = 2147483647;
			files = (
			);
			inputFileListPaths = (
			);
			inputPaths = (
			);
			name = SwiftLint;
			outputFileListPaths = (
			);
			outputPaths = (
			);
			runOnlyForDeploymentPostprocessing = 0;
			shellPath = /bin/sh;
			shellScript = "\"${PODS_ROOT}/SwiftLint/swiftlint\"\n";
		};
		A4F189E0500F126CB064C864 /* [CP] Check Pods Manifest.lock */ = {
			isa = PBXShellScriptBuildPhase;
			buildActionMask = 2147483647;
			files = (
			);
			inputFileListPaths = (
			);
			inputPaths = (
				"${PODS_PODFILE_DIR_PATH}/Podfile.lock",
				"${PODS_ROOT}/Manifest.lock",
			);
			name = "[CP] Check Pods Manifest.lock";
			outputFileListPaths = (
			);
			outputPaths = (
				"$(DERIVED_FILE_DIR)/Pods-Kaizen-checkManifestLockResult.txt",
			);
			runOnlyForDeploymentPostprocessing = 0;
			shellPath = /bin/sh;
			shellScript = "diff \"${PODS_PODFILE_DIR_PATH}/Podfile.lock\" \"${PODS_ROOT}/Manifest.lock\" > /dev/null\nif [ $? != 0 ] ; then\n    # print error to STDERR\n    echo \"error: The sandbox is not in sync with the Podfile.lock. Run 'pod install' or update your CocoaPods installation.\" >&2\n    exit 1\nfi\n# This output is used by Xcode 'outputs' to avoid re-running this script phase.\necho \"SUCCESS\" > \"${SCRIPT_OUTPUT_FILE_0}\"\n";
			showEnvVarsInLog = 0;
		};
		AC007927516477C3D3DE9B83 /* [CP] Check Pods Manifest.lock */ = {
			isa = PBXShellScriptBuildPhase;
			buildActionMask = 2147483647;
			files = (
			);
			inputFileListPaths = (
			);
			inputPaths = (
				"${PODS_PODFILE_DIR_PATH}/Podfile.lock",
				"${PODS_ROOT}/Manifest.lock",
			);
			name = "[CP] Check Pods Manifest.lock";
			outputFileListPaths = (
			);
			outputPaths = (
				"$(DERIVED_FILE_DIR)/Pods-KaizenTests-checkManifestLockResult.txt",
			);
			runOnlyForDeploymentPostprocessing = 0;
			shellPath = /bin/sh;
			shellScript = "diff \"${PODS_PODFILE_DIR_PATH}/Podfile.lock\" \"${PODS_ROOT}/Manifest.lock\" > /dev/null\nif [ $? != 0 ] ; then\n    # print error to STDERR\n    echo \"error: The sandbox is not in sync with the Podfile.lock. Run 'pod install' or update your CocoaPods installation.\" >&2\n    exit 1\nfi\n# This output is used by Xcode 'outputs' to avoid re-running this script phase.\necho \"SUCCESS\" > \"${SCRIPT_OUTPUT_FILE_0}\"\n";
			showEnvVarsInLog = 0;
		};
		D9C3503B6AC5CC09BF8DD8DD /* [CP] Embed Pods Frameworks */ = {
			isa = PBXShellScriptBuildPhase;
			buildActionMask = 2147483647;
			files = (
			);
			inputFileListPaths = (
				"${PODS_ROOT}/Target Support Files/Pods-KaizenTests/Pods-KaizenTests-frameworks-${CONFIGURATION}-input-files.xcfilelist",
			);
			name = "[CP] Embed Pods Frameworks";
			outputFileListPaths = (
				"${PODS_ROOT}/Target Support Files/Pods-KaizenTests/Pods-KaizenTests-frameworks-${CONFIGURATION}-output-files.xcfilelist",
			);
			runOnlyForDeploymentPostprocessing = 0;
			shellPath = /bin/sh;
			shellScript = "\"${PODS_ROOT}/Target Support Files/Pods-KaizenTests/Pods-KaizenTests-frameworks.sh\"\n";
			showEnvVarsInLog = 0;
		};
		FBD912E431D1E2ABB31D8F10 /* [CP] Embed Pods Frameworks */ = {
			isa = PBXShellScriptBuildPhase;
			buildActionMask = 2147483647;
			files = (
			);
			inputFileListPaths = (
				"${PODS_ROOT}/Target Support Files/Pods-Kaizen/Pods-Kaizen-frameworks-${CONFIGURATION}-input-files.xcfilelist",
			);
			name = "[CP] Embed Pods Frameworks";
			outputFileListPaths = (
				"${PODS_ROOT}/Target Support Files/Pods-Kaizen/Pods-Kaizen-frameworks-${CONFIGURATION}-output-files.xcfilelist",
			);
			runOnlyForDeploymentPostprocessing = 0;
			shellPath = /bin/sh;
			shellScript = "\"${PODS_ROOT}/Target Support Files/Pods-Kaizen/Pods-Kaizen-frameworks.sh\"\n";
			showEnvVarsInLog = 0;
		};
/* End PBXShellScriptBuildPhase section */

/* Begin PBXSourcesBuildPhase section */
		238F786E2874B1A400E2FC1C /* Sources */ = {
			isa = PBXSourcesBuildPhase;
			buildActionMask = 2147483647;
			files = (
				23CCD9D42874CBA400301D8D /* HTTPGeneralRouterExtension.swift in Sources */,
				23CCD9E02874D06000301D8D /* DashboardView.swift in Sources */,
				23CCD9DE2874D06000301D8D /* DashboardPresenter.swift in Sources */,
				23CCD9E42874D09200301D8D /* IndexPathTools.swift in Sources */,
				231A6C462874F56F00E65541 /* UIViewControllerExtensions.swift in Sources */,
				231A6C442874F55C00E65541 /* UITableViewExtensions.swift in Sources */,
				23CCD9EF2874F38900301D8D /* EventCategoryHeaderView.swift in Sources */,
				237FDB892875F84200B4E4B1 /* KaizenTimer.swift in Sources */,
				23CCD9D22874CB9500301D8D /* HTTPGeneralRouter.swift in Sources */,
				231A6C4C2874F5FE00E65541 /* CodableExtensions.swift in Sources */,
				237FDB9128762A7A00B4E4B1 /* Device.swift in Sources */,
				23CCD9E72874E08500301D8D /* NavigationController.swift in Sources */,
				238F787A2874B1A400E2FC1C /* SplashViewController.swift in Sources */,
				237FDB832875DE1C00B4E4B1 /* AppEnums.swift in Sources */,
				237FDB802875AC9400B4E4B1 /* ExpandableTableView.swift in Sources */,
				23CCD9E12874D06000301D8D /* DashboardService.swift in Sources */,
				237FDB9328762CF200B4E4B1 /* UIViewExtensions.swift in Sources */,
				231A6C4E2874F61A00E65541 /* StringExtensions.swift in Sources */,
				237FDB8E28762A2400B4E4B1 /* Font.swift in Sources */,
				237FDB8B2876269900B4E4B1 /* UIBarButtonItemExtensions.swift in Sources */,
				231A6C542874FB0E00E65541 /* UICollectionExtensions.swift in Sources */,
				238F78762874B1A400E2FC1C /* AppDelegate.swift in Sources */,
				2336A5FD2874BFE300E696DD /* HTTPClient.swift in Sources */,
				23CCD9DF2874D06000301D8D /* DashboardViewController.swift in Sources */,
				237FDB9928763E6800B4E4B1 /* KaizenCoreData.xcdatamodeld in Sources */,
				237FDB9628763E1F00B4E4B1 /* CoreData.swift in Sources */,
				23CCD9D02874C8DF00301D8D /* APIResponseSports.swift in Sources */,
				231A6C512874F66D00E65541 /* CollectionViewTableViewCell.swift in Sources */,
				231A6C592875006800E65541 /* SportEventCollectionViewCell.swift in Sources */,
				231A6C482874F5BB00E65541 /* UINavigationControllerExtensions.swift in Sources */,
				23CCD9D72874CD9700301D8D /* MVP.swift in Sources */,
				231A6C4A2874F5E600E65541 /* UIColorExtensions.swift in Sources */,
			);
			runOnlyForDeploymentPostprocessing = 0;
		};
		238F78842874B1A500E2FC1C /* Sources */ = {
			isa = PBXSourcesBuildPhase;
			buildActionMask = 2147483647;
			files = (
				232C0306287738A4003FD7AA /* UIKitExtensionTests.swift in Sources */,
				237B948B28772F8700555B47 /* HTTPGeneralRouterTests.swift in Sources */,
				237B948928772F4200555B47 /* RouterTestHelper.swift in Sources */,
				237B948D28772FA600555B47 /* APIResponseSportsTests.swift in Sources */,
				232C030E2877679F003FD7AA /* CoreDataTests.swift in Sources */,
				232C030B28774EB2003FD7AA /* IndexPathToolsTests.swift in Sources */,
				232C030828774686003FD7AA /* FoundationExtensionsTests.swift in Sources */,
				237B948628772E2600555B47 /* MockDecoder.swift in Sources */,
			);
			runOnlyForDeploymentPostprocessing = 0;
		};
/* End PBXSourcesBuildPhase section */

/* Begin PBXTargetDependency section */
		238F788A2874B1A500E2FC1C /* PBXTargetDependency */ = {
			isa = PBXTargetDependency;
			target = 238F78712874B1A400E2FC1C /* Kaizen */;
			targetProxy = 238F78892874B1A500E2FC1C /* PBXContainerItemProxy */;
		};
/* End PBXTargetDependency section */

/* Begin PBXVariantGroup section */
		238F787B2874B1A400E2FC1C /* Main.storyboard */ = {
			isa = PBXVariantGroup;
			children = (
				238F787C2874B1A400E2FC1C /* Base */,
			);
			name = Main.storyboard;
			sourceTree = "<group>";
		};
		238F78802874B1A500E2FC1C /* LaunchScreen.storyboard */ = {
			isa = PBXVariantGroup;
			children = (
				238F78812874B1A500E2FC1C /* Base */,
			);
			name = LaunchScreen.storyboard;
			sourceTree = "<group>";
		};
/* End PBXVariantGroup section */

/* Begin XCBuildConfiguration section */
		238F789A2874B1A500E2FC1C /* Debug */ = {
			isa = XCBuildConfiguration;
			buildSettings = {
				ALWAYS_SEARCH_USER_PATHS = NO;
				CLANG_ANALYZER_NONNULL = YES;
				CLANG_ANALYZER_NUMBER_OBJECT_CONVERSION = YES_AGGRESSIVE;
				CLANG_CXX_LANGUAGE_STANDARD = "gnu++17";
				CLANG_ENABLE_MODULES = YES;
				CLANG_ENABLE_OBJC_ARC = YES;
				CLANG_ENABLE_OBJC_WEAK = YES;
				CLANG_WARN_BLOCK_CAPTURE_AUTORELEASING = YES;
				CLANG_WARN_BOOL_CONVERSION = YES;
				CLANG_WARN_COMMA = YES;
				CLANG_WARN_CONSTANT_CONVERSION = YES;
				CLANG_WARN_DEPRECATED_OBJC_IMPLEMENTATIONS = YES;
				CLANG_WARN_DIRECT_OBJC_ISA_USAGE = YES_ERROR;
				CLANG_WARN_DOCUMENTATION_COMMENTS = YES;
				CLANG_WARN_EMPTY_BODY = YES;
				CLANG_WARN_ENUM_CONVERSION = YES;
				CLANG_WARN_INFINITE_RECURSION = YES;
				CLANG_WARN_INT_CONVERSION = YES;
				CLANG_WARN_NON_LITERAL_NULL_CONVERSION = YES;
				CLANG_WARN_OBJC_IMPLICIT_RETAIN_SELF = YES;
				CLANG_WARN_OBJC_LITERAL_CONVERSION = YES;
				CLANG_WARN_OBJC_ROOT_CLASS = YES_ERROR;
				CLANG_WARN_QUOTED_INCLUDE_IN_FRAMEWORK_HEADER = YES;
				CLANG_WARN_RANGE_LOOP_ANALYSIS = YES;
				CLANG_WARN_STRICT_PROTOTYPES = YES;
				CLANG_WARN_SUSPICIOUS_MOVE = YES;
				CLANG_WARN_UNGUARDED_AVAILABILITY = YES_AGGRESSIVE;
				CLANG_WARN_UNREACHABLE_CODE = YES;
				CLANG_WARN__DUPLICATE_METHOD_MATCH = YES;
				COPY_PHASE_STRIP = NO;
				DEBUG_INFORMATION_FORMAT = dwarf;
				ENABLE_STRICT_OBJC_MSGSEND = YES;
				ENABLE_TESTABILITY = YES;
				GCC_C_LANGUAGE_STANDARD = gnu11;
				GCC_DYNAMIC_NO_PIC = NO;
				GCC_NO_COMMON_BLOCKS = YES;
				GCC_OPTIMIZATION_LEVEL = 0;
				GCC_PREPROCESSOR_DEFINITIONS = (
					"DEBUG=1",
					"$(inherited)",
				);
				GCC_WARN_64_TO_32_BIT_CONVERSION = YES;
				GCC_WARN_ABOUT_RETURN_TYPE = YES_ERROR;
				GCC_WARN_UNDECLARED_SELECTOR = YES;
				GCC_WARN_UNINITIALIZED_AUTOS = YES_AGGRESSIVE;
				GCC_WARN_UNUSED_FUNCTION = YES;
				GCC_WARN_UNUSED_VARIABLE = YES;
				IPHONEOS_DEPLOYMENT_TARGET = 12.0;
				MTL_ENABLE_DEBUG_INFO = INCLUDE_SOURCE;
				MTL_FAST_MATH = YES;
				ONLY_ACTIVE_ARCH = YES;
				SDKROOT = iphoneos;
				SWIFT_ACTIVE_COMPILATION_CONDITIONS = DEBUG;
				SWIFT_OPTIMIZATION_LEVEL = "-Onone";
			};
			name = Debug;
		};
		238F789B2874B1A500E2FC1C /* Release */ = {
			isa = XCBuildConfiguration;
			buildSettings = {
				ALWAYS_SEARCH_USER_PATHS = NO;
				CLANG_ANALYZER_NONNULL = YES;
				CLANG_ANALYZER_NUMBER_OBJECT_CONVERSION = YES_AGGRESSIVE;
				CLANG_CXX_LANGUAGE_STANDARD = "gnu++17";
				CLANG_ENABLE_MODULES = YES;
				CLANG_ENABLE_OBJC_ARC = YES;
				CLANG_ENABLE_OBJC_WEAK = YES;
				CLANG_WARN_BLOCK_CAPTURE_AUTORELEASING = YES;
				CLANG_WARN_BOOL_CONVERSION = YES;
				CLANG_WARN_COMMA = YES;
				CLANG_WARN_CONSTANT_CONVERSION = YES;
				CLANG_WARN_DEPRECATED_OBJC_IMPLEMENTATIONS = YES;
				CLANG_WARN_DIRECT_OBJC_ISA_USAGE = YES_ERROR;
				CLANG_WARN_DOCUMENTATION_COMMENTS = YES;
				CLANG_WARN_EMPTY_BODY = YES;
				CLANG_WARN_ENUM_CONVERSION = YES;
				CLANG_WARN_INFINITE_RECURSION = YES;
				CLANG_WARN_INT_CONVERSION = YES;
				CLANG_WARN_NON_LITERAL_NULL_CONVERSION = YES;
				CLANG_WARN_OBJC_IMPLICIT_RETAIN_SELF = YES;
				CLANG_WARN_OBJC_LITERAL_CONVERSION = YES;
				CLANG_WARN_OBJC_ROOT_CLASS = YES_ERROR;
				CLANG_WARN_QUOTED_INCLUDE_IN_FRAMEWORK_HEADER = YES;
				CLANG_WARN_RANGE_LOOP_ANALYSIS = YES;
				CLANG_WARN_STRICT_PROTOTYPES = YES;
				CLANG_WARN_SUSPICIOUS_MOVE = YES;
				CLANG_WARN_UNGUARDED_AVAILABILITY = YES_AGGRESSIVE;
				CLANG_WARN_UNREACHABLE_CODE = YES;
				CLANG_WARN__DUPLICATE_METHOD_MATCH = YES;
				COPY_PHASE_STRIP = NO;
				DEBUG_INFORMATION_FORMAT = "dwarf-with-dsym";
				ENABLE_NS_ASSERTIONS = NO;
				ENABLE_STRICT_OBJC_MSGSEND = YES;
				GCC_C_LANGUAGE_STANDARD = gnu11;
				GCC_NO_COMMON_BLOCKS = YES;
				GCC_WARN_64_TO_32_BIT_CONVERSION = YES;
				GCC_WARN_ABOUT_RETURN_TYPE = YES_ERROR;
				GCC_WARN_UNDECLARED_SELECTOR = YES;
				GCC_WARN_UNINITIALIZED_AUTOS = YES_AGGRESSIVE;
				GCC_WARN_UNUSED_FUNCTION = YES;
				GCC_WARN_UNUSED_VARIABLE = YES;
				IPHONEOS_DEPLOYMENT_TARGET = 12.0;
				MTL_ENABLE_DEBUG_INFO = NO;
				MTL_FAST_MATH = YES;
				SDKROOT = iphoneos;
				SWIFT_COMPILATION_MODE = wholemodule;
				SWIFT_OPTIMIZATION_LEVEL = "-O";
				VALIDATE_PRODUCT = YES;
			};
			name = Release;
		};
		238F789D2874B1A500E2FC1C /* Debug */ = {
			isa = XCBuildConfiguration;
			baseConfigurationReference = 01E0DB655C1ACA136E846731 /* Pods-Kaizen.debug.xcconfig */;
			buildSettings = {
				ASSETCATALOG_COMPILER_APPICON_NAME = AppIcon;
				ASSETCATALOG_COMPILER_GLOBAL_ACCENT_COLOR_NAME = AccentColor;
				CODE_SIGN_STYLE = Automatic;
				CURRENT_PROJECT_VERSION = 1;
				DEVELOPMENT_TEAM = WSJAKJDZQW;
				GENERATE_INFOPLIST_FILE = YES;
				INFOPLIST_FILE = "Kaizen/Supporting Files/Info.plist";
				INFOPLIST_KEY_UIApplicationSupportsIndirectInputEvents = YES;
				INFOPLIST_KEY_UILaunchStoryboardName = LaunchScreen;
				INFOPLIST_KEY_UISupportedInterfaceOrientations = UIInterfaceOrientationPortrait;
				INFOPLIST_KEY_UISupportedInterfaceOrientations_iPad = UIInterfaceOrientationPortrait;
				INFOPLIST_KEY_UISupportedInterfaceOrientations_iPhone = UIInterfaceOrientationPortrait;
				INFOPLIST_KEY_UIUserInterfaceStyle = Light;
				IPHONEOS_DEPLOYMENT_TARGET = 12.0;
				LD_RUNPATH_SEARCH_PATHS = (
					"$(inherited)",
					"@executable_path/Frameworks",
				);
				MARKETING_VERSION = 1.0;
				PRODUCT_BUNDLE_IDENTIFIER = vorisis.Kaizen;
				PRODUCT_NAME = "$(TARGET_NAME)";
				SWIFT_EMIT_LOC_STRINGS = YES;
				SWIFT_VERSION = 5.0;
				TARGETED_DEVICE_FAMILY = "1,2";
			};
			name = Debug;
		};
		238F789E2874B1A500E2FC1C /* Release */ = {
			isa = XCBuildConfiguration;
			baseConfigurationReference = 9F035A943D90C5683BB3DC78 /* Pods-Kaizen.release.xcconfig */;
			buildSettings = {
				ASSETCATALOG_COMPILER_APPICON_NAME = AppIcon;
				ASSETCATALOG_COMPILER_GLOBAL_ACCENT_COLOR_NAME = AccentColor;
				CODE_SIGN_STYLE = Automatic;
				CURRENT_PROJECT_VERSION = 1;
				DEVELOPMENT_TEAM = WSJAKJDZQW;
				GENERATE_INFOPLIST_FILE = YES;
				INFOPLIST_FILE = "Kaizen/Supporting Files/Info.plist";
				INFOPLIST_KEY_UIApplicationSupportsIndirectInputEvents = YES;
				INFOPLIST_KEY_UILaunchStoryboardName = LaunchScreen;
				INFOPLIST_KEY_UISupportedInterfaceOrientations = UIInterfaceOrientationPortrait;
				INFOPLIST_KEY_UISupportedInterfaceOrientations_iPad = UIInterfaceOrientationPortrait;
				INFOPLIST_KEY_UISupportedInterfaceOrientations_iPhone = UIInterfaceOrientationPortrait;
				INFOPLIST_KEY_UIUserInterfaceStyle = Light;
				IPHONEOS_DEPLOYMENT_TARGET = 12.0;
				LD_RUNPATH_SEARCH_PATHS = (
					"$(inherited)",
					"@executable_path/Frameworks",
				);
				MARKETING_VERSION = 1.0;
				PRODUCT_BUNDLE_IDENTIFIER = vorisis.Kaizen;
				PRODUCT_NAME = "$(TARGET_NAME)";
				SWIFT_EMIT_LOC_STRINGS = YES;
				SWIFT_VERSION = 5.0;
				TARGETED_DEVICE_FAMILY = "1,2";
			};
			name = Release;
		};
		238F78A02874B1A500E2FC1C /* Debug */ = {
			isa = XCBuildConfiguration;
			baseConfigurationReference = AE407C35688D29204814570C /* Pods-KaizenTests.debug.xcconfig */;
			buildSettings = {
				BUNDLE_LOADER = "$(TEST_HOST)";
				CLANG_ENABLE_MODULES = YES;
				CODE_SIGN_STYLE = Automatic;
				CURRENT_PROJECT_VERSION = 1;
				DEVELOPMENT_TEAM = WSJAKJDZQW;
				GENERATE_INFOPLIST_FILE = YES;
				IPHONEOS_DEPLOYMENT_TARGET = 15.5;
				LD_RUNPATH_SEARCH_PATHS = (
					"$(inherited)",
					"@executable_path/Frameworks",
					"@loader_path/Frameworks",
				);
				MARKETING_VERSION = 1.0;
				PRODUCT_BUNDLE_IDENTIFIER = vorisis.KaizenTests;
				PRODUCT_NAME = "$(TARGET_NAME)";
				SWIFT_EMIT_LOC_STRINGS = NO;
				SWIFT_OPTIMIZATION_LEVEL = "-Onone";
				SWIFT_VERSION = 5.0;
				TARGETED_DEVICE_FAMILY = "1,2";
				TEST_HOST = "$(BUILT_PRODUCTS_DIR)/Kaizen.app/Kaizen";
			};
			name = Debug;
		};
		238F78A12874B1A500E2FC1C /* Release */ = {
			isa = XCBuildConfiguration;
			baseConfigurationReference = 9734374CCDFAE74A03750FAA /* Pods-KaizenTests.release.xcconfig */;
			buildSettings = {
				BUNDLE_LOADER = "$(TEST_HOST)";
				CLANG_ENABLE_MODULES = YES;
				CODE_SIGN_STYLE = Automatic;
				CURRENT_PROJECT_VERSION = 1;
				DEVELOPMENT_TEAM = WSJAKJDZQW;
				GENERATE_INFOPLIST_FILE = YES;
				IPHONEOS_DEPLOYMENT_TARGET = 15.5;
				LD_RUNPATH_SEARCH_PATHS = (
					"$(inherited)",
					"@executable_path/Frameworks",
					"@loader_path/Frameworks",
				);
				MARKETING_VERSION = 1.0;
				PRODUCT_BUNDLE_IDENTIFIER = vorisis.KaizenTests;
				PRODUCT_NAME = "$(TARGET_NAME)";
				SWIFT_EMIT_LOC_STRINGS = NO;
				SWIFT_VERSION = 5.0;
				TARGETED_DEVICE_FAMILY = "1,2";
				TEST_HOST = "$(BUILT_PRODUCTS_DIR)/Kaizen.app/Kaizen";
			};
			name = Release;
		};
/* End XCBuildConfiguration section */

/* Begin XCConfigurationList section */
		238F786D2874B1A400E2FC1C /* Build configuration list for PBXProject "Kaizen" */ = {
			isa = XCConfigurationList;
			buildConfigurations = (
				238F789A2874B1A500E2FC1C /* Debug */,
				238F789B2874B1A500E2FC1C /* Release */,
			);
			defaultConfigurationIsVisible = 0;
			defaultConfigurationName = Release;
		};
		238F789C2874B1A500E2FC1C /* Build configuration list for PBXNativeTarget "Kaizen" */ = {
			isa = XCConfigurationList;
			buildConfigurations = (
				238F789D2874B1A500E2FC1C /* Debug */,
				238F789E2874B1A500E2FC1C /* Release */,
			);
			defaultConfigurationIsVisible = 0;
			defaultConfigurationName = Release;
		};
		238F789F2874B1A500E2FC1C /* Build configuration list for PBXNativeTarget "KaizenTests" */ = {
			isa = XCConfigurationList;
			buildConfigurations = (
				238F78A02874B1A500E2FC1C /* Debug */,
				238F78A12874B1A500E2FC1C /* Release */,
			);
			defaultConfigurationIsVisible = 0;
			defaultConfigurationName = Release;
		};
/* End XCConfigurationList section */

/* Begin XCVersionGroup section */
		237FDB9728763E6800B4E4B1 /* KaizenCoreData.xcdatamodeld */ = {
			isa = XCVersionGroup;
			children = (
				237FDB9828763E6800B4E4B1 /* KaizenCoreData.xcdatamodel */,
			);
			currentVersion = 237FDB9828763E6800B4E4B1 /* KaizenCoreData.xcdatamodel */;
			path = KaizenCoreData.xcdatamodeld;
			sourceTree = "<group>";
			versionGroupType = wrapper.xcdatamodel;
		};
/* End XCVersionGroup section */
	};
	rootObject = 238F786A2874B1A400E2FC1C /* Project object */;
}
